// !$*UTF8*$!
{
	archiveVersion = 1;
	classes = {
	};
	objectVersion = 50;
	objects = {

/* Begin PBXBuildFile section */
		281DC3F82477600800FE29B6 /* AppDelegate.swift in Sources */ = {isa = PBXBuildFile; fileRef = 281DC3F72477600800FE29B6 /* AppDelegate.swift */; };
		281DC3FA2477600800FE29B6 /* SceneDelegate.swift in Sources */ = {isa = PBXBuildFile; fileRef = 281DC3F92477600800FE29B6 /* SceneDelegate.swift */; };
		281DC3FC2477600800FE29B6 /* ViewController.swift in Sources */ = {isa = PBXBuildFile; fileRef = 281DC3FB2477600800FE29B6 /* ViewController.swift */; };
		281DC3FF2477600800FE29B6 /* Main.storyboard in Resources */ = {isa = PBXBuildFile; fileRef = 281DC3FD2477600800FE29B6 /* Main.storyboard */; };
		281DC4012477600C00FE29B6 /* Assets.xcassets in Resources */ = {isa = PBXBuildFile; fileRef = 281DC4002477600C00FE29B6 /* Assets.xcassets */; };
		281DC4042477600C00FE29B6 /* LaunchScreen.storyboard in Resources */ = {isa = PBXBuildFile; fileRef = 281DC4022477600C00FE29B6 /* LaunchScreen.storyboard */; };
		281DC40D247772A000FE29B6 /* testVideo.mp4 in Resources */ = {isa = PBXBuildFile; fileRef = 281DC40C247772A000FE29B6 /* testVideo.mp4 */; };
/* End PBXBuildFile section */

/* Begin PBXFileReference section */
		281DC3F42477600800FE29B6 /* PlayVideoDemo.app */ = {isa = PBXFileReference; explicitFileType = wrapper.application; includeInIndex = 0; path = PlayVideoDemo.app; sourceTree = BUILT_PRODUCTS_DIR; };
		281DC3F72477600800FE29B6 /* AppDelegate.swift */ = {isa = PBXFileReference; lastKnownFileType = sourcecode.swift; path = AppDelegate.swift; sourceTree = "<group>"; };
		281DC3F92477600800FE29B6 /* SceneDelegate.swift */ = {isa = PBXFileReference; lastKnownFileType = sourcecode.swift; path = SceneDelegate.swift; sourceTree = "<group>"; };
		281DC3FB2477600800FE29B6 /* ViewController.swift */ = {isa = PBXFileReference; lastKnownFileType = sourcecode.swift; path = ViewController.swift; sourceTree = "<group>"; };
		281DC3FE2477600800FE29B6 /* Base */ = {isa = PBXFileReference; lastKnownFileType = file.storyboard; name = Base; path = Base.lproj/Main.storyboard; sourceTree = "<group>"; };
		281DC4002477600C00FE29B6 /* Assets.xcassets */ = {isa = PBXFileReference; lastKnownFileType = folder.assetcatalog; path = Assets.xcassets; sourceTree = "<group>"; };
		281DC4032477600C00FE29B6 /* Base */ = {isa = PBXFileReference; lastKnownFileType = file.storyboard; name = Base; path = Base.lproj/LaunchScreen.storyboard; sourceTree = "<group>"; };
		281DC4052477600C00FE29B6 /* Info.plist */ = {isa = PBXFileReference; lastKnownFileType = text.plist.xml; path = Info.plist; sourceTree = "<group>"; };
		281DC40C247772A000FE29B6 /* testVideo.mp4 */ = {isa = PBXFileReference; lastKnownFileType = file; name = testVideo.mp4; path = ../../../../../Downloads/testVideo.mp4; sourceTree = "<group>"; };
/* End PBXFileReference section */

/* Begin PBXFrameworksBuildPhase section */
		281DC3F12477600800FE29B6 /* Frameworks */ = {
			isa = PBXFrameworksBuildPhase;
			buildActionMask = 2147483647;
			files = (
			);
			runOnlyForDeploymentPostprocessing = 0;
		};
/* End PBXFrameworksBuildPhase section */

/* Begin PBXGroup section */
		281DC3EB2477600700FE29B6 = {
			isa = PBXGroup;
			children = (
				281DC3F62477600800FE29B6 /* PlayVideoDemo */,
				281DC3F52477600800FE29B6 /* Products */,
			);
			sourceTree = "<group>";
		};
		281DC3F52477600800FE29B6 /* Products */ = {
			isa = PBXGroup;
			children = (
				281DC3F42477600800FE29B6 /* PlayVideoDemo.app */,
			);
			name = Products;
			sourceTree = "<group>";
		};
		281DC3F62477600800FE29B6 /* PlayVideoDemo */ = {
			isa = PBXGroup;
			children = (
				281DC3F72477600800FE29B6 /* AppDelegate.swift */,
				281DC3F92477600800FE29B6 /* SceneDelegate.swift */,
				281DC3FB2477600800FE29B6 /* ViewController.swift */,
				281DC3FD2477600800FE29B6 /* Main.storyboard */,
				281DC4002477600C00FE29B6 /* Assets.xcassets */,
				281DC4022477600C00FE29B6 /* LaunchScreen.storyboard */,
				281DC4052477600C00FE29B6 /* Info.plist */,
				281DC40B2477726B00FE29B6 /* Videos */,
			);
			path = PlayVideoDemo;
			sourceTree = "<group>";
		};
		281DC40B2477726B00FE29B6 /* Videos */ = {
			isa = PBXGroup;
			children = (
				281DC40C247772A000FE29B6 /* testVideo.mp4 */,
			);
			path = Videos;
			sourceTree = "<group>";
		};
/* End PBXGroup section */

/* Begin PBXNativeTarget section */
		281DC3F32477600800FE29B6 /* PlayVideoDemo */ = {
			isa = PBXNativeTarget;
			buildConfigurationList = 281DC4082477600C00FE29B6 /* Build configuration list for PBXNativeTarget "PlayVideoDemo" */;
			buildPhases = (
				281DC3F02477600800FE29B6 /* Sources */,
				281DC3F12477600800FE29B6 /* Frameworks */,
				281DC3F22477600800FE29B6 /* Resources */,
			);
			buildRules = (
			);
			dependencies = (
			);
			name = PlayVideoDemo;
			productName = PlayVideoDemo;
			productReference = 281DC3F42477600800FE29B6 /* PlayVideoDemo.app */;
			productType = "com.apple.product-type.application";
		};
/* End PBXNativeTarget section */

/* Begin PBXProject section */
		281DC3EC2477600700FE29B6 /* Project object */ = {
			isa = PBXProject;
			attributes = {
				LastSwiftUpdateCheck = 1140;
				LastUpgradeCheck = 1140;
				ORGANIZATIONNAME = KAYCAM;
				TargetAttributes = {
					281DC3F32477600800FE29B6 = {
						CreatedOnToolsVersion = 11.4.1;
					};
				};
			};
			buildConfigurationList = 281DC3EF2477600700FE29B6 /* Build configuration list for PBXProject "PlayVideoDemo" */;
			compatibilityVersion = "Xcode 9.3";
			developmentRegion = en;
			hasScannedForEncodings = 0;
			knownRegions = (
				en,
				Base,
			);
			mainGroup = 281DC3EB2477600700FE29B6;
			productRefGroup = 281DC3F52477600800FE29B6 /* Products */;
			projectDirPath = "";
			projectRoot = "";
			targets = (
				281DC3F32477600800FE29B6 /* PlayVideoDemo */,
			);
		};
/* End PBXProject section */

/* Begin PBXResourcesBuildPhase section */
		281DC3F22477600800FE29B6 /* Resources */ = {
			isa = PBXResourcesBuildPhase;
			buildActionMask = 2147483647;
			files = (
				281DC4042477600C00FE29B6 /* LaunchScreen.storyboard in Resources */,
				281DC4012477600C00FE29B6 /* Assets.xcassets in Resources */,
				281DC3FF2477600800FE29B6 /* Main.storyboard in Resources */,
				281DC40D247772A000FE29B6 /* testVideo.mp4 in Resources */,
			);
			runOnlyForDeploymentPostprocessing = 0;
		};
/* End PBXResourcesBuildPhase section */

/* Begin PBXSourcesBuildPhase section */
		281DC3F02477600800FE29B6 /* Sources */ = {
			isa = PBXSourcesBuildPhase;
			buildActionMask = 2147483647;
			files = (
				281DC3FC2477600800FE29B6 /* ViewController.swift in Sources */,
				281DC3F82477600800FE29B6 /* AppDelegate.swift in Sources */,
				281DC3FA2477600800FE29B6 /* SceneDelegate.swift in Sources */,
			);
			runOnlyForDeploymentPostprocessing = 0;
		};
/* End PBXSourcesBuildPhase section */

/* Begin PBXVariantGroup section */
		281DC3FD2477600800FE29B6 /* Main.storyboard */ = {
			isa = PBXVariantGroup;
			children = (
				281DC3FE2477600800FE29B6 /* Base */,
			);
			name = Main.storyboard;
			sourceTree = "<group>";
		};
		281DC4022477600C00FE29B6 /* LaunchScreen.storyboard */ = {
			isa = PBXVariantGroup;
			children = (
				281DC4032477600C00FE29B6 /* Base */,
			);
			name = LaunchScreen.storyboard;
			sourceTree = "<group>";
		};
/* End PBXVariantGroup section */

/* Begin XCBuildConfiguration section */
		281DC4062477600C00FE29B6 /* Debug */ = {
			isa = XCBuildConfiguration;
			buildSettings = {
				ALWAYS_SEARCH_USER_PATHS = NO;
				CLANG_ANALYZER_NONNULL = YES;
				CLANG_ANALYZER_NUMBER_OBJECT_CONVERSION = YES_AGGRESSIVE;
				CLANG_CXX_LANGUAGE_STANDARD = "gnu++14";
				CLANG_CXX_LIBRARY = "libc++";
				CLANG_ENABLE_MODULES = YES;
				CLANG_ENABLE_OBJC_ARC = YES;
				CLANG_ENABLE_OBJC_WEAK = YES;
				CLANG_WARN_BLOCK_CAPTURE_AUTORELEASING = YES;
				CLANG_WARN_BOOL_CONVERSION = YES;
				CLANG_WARN_COMMA = YES;
				CLANG_WARN_CONSTANT_CONVERSION = YES;
				CLANG_WARN_DEPRECATED_OBJC_IMPLEMENTATIONS = YES;
				CLANG_WARN_DIRECT_OBJC_ISA_USAGE = YES_ERROR;
				CLANG_WARN_DOCUMENTATION_COMMENTS = YES;
				CLANG_WARN_EMPTY_BODY = YES;
				CLANG_WARN_ENUM_CONVERSION = YES;
				CLANG_WARN_INFINITE_RECURSION = YES;
				CLANG_WARN_INT_CONVERSION = YES;
				CLANG_WARN_NON_LITERAL_NULL_CONVERSION = YES;
				CLANG_WARN_OBJC_IMPLICIT_RETAIN_SELF = YES;
				CLANG_WARN_OBJC_LITERAL_CONVERSION = YES;
				CLANG_WARN_OBJC_ROOT_CLASS = YES_ERROR;
				CLANG_WARN_RANGE_LOOP_ANALYSIS = YES;
				CLANG_WARN_STRICT_PROTOTYPES = YES;
				CLANG_WARN_SUSPICIOUS_MOVE = YES;
				CLANG_WARN_UNGUARDED_AVAILABILITY = YES_AGGRESSIVE;
				CLANG_WARN_UNREACHABLE_CODE = YES;
				CLANG_WARN__DUPLICATE_METHOD_MATCH = YES;
				COPY_PHASE_STRIP = NO;
				DEBUG_INFORMATION_FORMAT = dwarf;
				ENABLE_STRICT_OBJC_MSGSEND = YES;
				ENABLE_TESTABILITY = YES;
				GCC_C_LANGUAGE_STANDARD = gnu11;
				GCC_DYNAMIC_NO_PIC = NO;
				GCC_NO_COMMON_BLOCKS = YES;
				GCC_OPTIMIZATION_LEVEL = 0;
				GCC_PREPROCESSOR_DEFINITIONS = (
					"DEBUG=1",
					"$(inherited)",
				);
				GCC_WARN_64_TO_32_BIT_CONVERSION = YES;
				GCC_WARN_ABOUT_RETURN_TYPE = YES_ERROR;
				GCC_WARN_UNDECLARED_SELECTOR = YES;
				GCC_WARN_UNINITIALIZED_AUTOS = YES_AGGRESSIVE;
				GCC_WARN_UNUSED_FUNCTION = YES;
				GCC_WARN_UNUSED_VARIABLE = YES;
				IPHONEOS_DEPLOYMENT_TARGET = 13.4;
				MTL_ENABLE_DEBUG_INFO = INCLUDE_SOURCE;
				MTL_FAST_MATH = YES;
				ONLY_ACTIVE_ARCH = YES;
				SDKROOT = iphoneos;
				SWIFT_ACTIVE_COMPILATION_CONDITIONS = DEBUG;
				SWIFT_OPTIMIZATION_LEVEL = "-Onone";
			};
			name = Debug;
		};
		281DC4072477600C00FE29B6 /* Release */ = {
			isa = XCBuildConfiguration;
			buildSettings = {
				ALWAYS_SEARCH_USER_PATHS = NO;
				CLANG_ANALYZER_NONNULL = YES;
				CLANG_ANALYZER_NUMBER_OBJECT_CONVERSION = YES_AGGRESSIVE;
				CLANG_CXX_LANGUAGE_STANDARD = "gnu++14";
				CLANG_CXX_LIBRARY = "libc++";
				CLANG_ENABLE_MODULES = YES;
				CLANG_ENABLE_OBJC_ARC = YES;
				CLANG_ENABLE_OBJC_WEAK = YES;
				CLANG_WARN_BLOCK_CAPTURE_AUTORELEASING = YES;
				CLANG_WARN_BOOL_CONVERSION = YES;
				CLANG_WARN_COMMA = YES;
				CLANG_WARN_CONSTANT_CONVERSION = YES;
				CLANG_WARN_DEPRECATED_OBJC_IMPLEMENTATIONS = YES;
				CLANG_WARN_DIRECT_OBJC_ISA_USAGE = YES_ERROR;
				CLANG_WARN_DOCUMENTATION_COMMENTS = YES;
				CLANG_WARN_EMPTY_BODY = YES;
				CLANG_WARN_ENUM_CONVERSION = YES;
				CLANG_WARN_INFINITE_RECURSION = YES;
				CLANG_WARN_INT_CONVERSION = YES;
				CLANG_WARN_NON_LITERAL_NULL_CONVERSION = YES;
				CLANG_WARN_OBJC_IMPLICIT_RETAIN_SELF = YES;
				CLANG_WARN_OBJC_LITERAL_CONVERSION = YES;
				CLANG_WARN_OBJC_ROOT_CLASS = YES_ERROR;
				CLANG_WARN_RANGE_LOOP_ANALYSIS = YES;
				CLANG_WARN_STRICT_PROTOTYPES = YES;
				CLANG_WARN_SUSPICIOUS_MOVE = YES;
				CLANG_WARN_UNGUARDED_AVAILABILITY = YES_AGGRESSIVE;
				CLANG_WARN_UNREACHABLE_CODE = YES;
				CLANG_WARN__DUPLICATE_METHOD_MATCH = YES;
				COPY_PHASE_STRIP = NO;
				DEBUG_INFORMATION_FORMAT = "dwarf-with-dsym";
				ENABLE_NS_ASSERTIONS = NO;
				ENABLE_STRICT_OBJC_MSGSEND = YES;
				GCC_C_LANGUAGE_STANDARD = gnu11;
				GCC_NO_COMMON_BLOCKS = YES;
				GCC_WARN_64_TO_32_BIT_CONVERSION = YES;
				GCC_WARN_ABOUT_RETURN_TYPE = YES_ERROR;
				GCC_WARN_UNDECLARED_SELECTOR = YES;
				GCC_WARN_UNINITIALIZED_AUTOS = YES_AGGRESSIVE;
				GCC_WARN_UNUSED_FUNCTION = YES;
				GCC_WARN_UNUSED_VARIABLE = YES;
				IPHONEOS_DEPLOYMENT_TARGET = 13.4;
				MTL_ENABLE_DEBUG_INFO = NO;
				MTL_FAST_MATH = YES;
				SDKROOT = iphoneos;
				SWIFT_COMPILATION_MODE = wholemodule;
				SWIFT_OPTIMIZATION_LEVEL = "-O";
				VALIDATE_PRODUCT = YES;
			};
			name = Release;
		};
		281DC4092477600C00FE29B6 /* Debug */ = {
			isa = XCBuildConfiguration;
			buildSettings = {
				ASSETCATALOG_COMPILER_APPICON_NAME = AppIcon;
				CODE_SIGN_STYLE = Automatic;
				DEVELOPMENT_TEAM = EVFZH768BB;
				INFOPLIST_FILE = PlayVideoDemo/Info.plist;
				LD_RUNPATH_SEARCH_PATHS = (
					"$(inherited)",
					"@executable_path/Frameworks",
				);
				PRODUCT_BUNDLE_IDENTIFIER = com.KAYCAM.PlayVideoDemo;
				PRODUCT_NAME = "$(TARGET_NAME)";
				SWIFT_VERSION = 5.0;
				TARGETED_DEVICE_FAMILY = "1,2";
			};
			name = Debug;
		};
		281DC40A2477600C00FE29B6 /* Release */ = {
			isa = XCBuildConfiguration;
			buildSettings = {
				ASSETCATALOG_COMPILER_APPICON_NAME = AppIcon;
				CODE_SIGN_STYLE = Automatic;
				DEVELOPMENT_TEAM = EVFZH768BB;
				INFOPLIST_FILE = PlayVideoDemo/Info.plist;
				LD_RUNPATH_SEARCH_PATHS = (
					"$(inherited)",
					"@executable_path/Frameworks",
				);
				PRODUCT_BUNDLE_IDENTIFIER = com.KAYCAM.PlayVideoDemo;
				PRODUCT_NAME = "$(TARGET_NAME)";
				SWIFT_VERSION = 5.0;
				TARGETED_DEVICE_FAMILY = "1,2";
			};
			name = Release;
		};
/* End XCBuildConfiguration section */

/* Begin XCConfigurationList section */
		281DC3EF2477600700FE29B6 /* Build configuration list for PBXProject "PlayVideoDemo" */ = {
			isa = XCConfigurationList;
			buildConfigurations = (
				281DC4062477600C00FE29B6 /* Debug */,
				281DC4072477600C00FE29B6 /* Release */,
			);
			defaultConfigurationIsVisible = 0;
			defaultConfigurationName = Release;
		};
		281DC4082477600C00FE29B6 /* Build configuration list for PBXNativeTarget "PlayVideoDemo" */ = {
			isa = XCConfigurationList;
			buildConfigurations = (
				281DC4092477600C00FE29B6 /* Debug */,
				281DC40A2477600C00FE29B6 /* Release */,
			);
			defaultConfigurationIsVisible = 0;
			defaultConfigurationName = Release;
		};
/* End XCConfigurationList section */
	};
	rootObject = 281DC3EC2477600700FE29B6 /* Project object */;
}
